// !$*UTF8*$!
{
	archiveVersion = 1;
	classes = {
	};
	objectVersion = 77;
	objects = {

/* Begin PBXBuildFile section */
		7F44891D2E07EA5A0057839A /* DiContainer in Frameworks */ = {isa = PBXBuildFile; productRef = 7F44891C2E07EA5A0057839A /* DiContainer */; };
/* End PBXBuildFile section */

/* Begin PBXContainerItemProxy section */
		7F4488D22E07E0320057839A /* PBXContainerItemProxy */ = {
			isa = PBXContainerItemProxy;
			containerPortal = 7F4488BC2E07E0300057839A /* Project object */;
			proxyType = 1;
			remoteGlobalIDString = 7F4488C32E07E0300057839A;
			remoteInfo = CJEnmAssignment;
		};
		7F4488DC2E07E0320057839A /* PBXContainerItemProxy */ = {
			isa = PBXContainerItemProxy;
			containerPortal = 7F4488BC2E07E0300057839A /* Project object */;
			proxyType = 1;
			remoteGlobalIDString = 7F4488C32E07E0300057839A;
			remoteInfo = CJEnmAssignment;
		};
/* End PBXContainerItemProxy section */

/* Begin PBXFileReference section */
		7F4488C42E07E0300057839A /* CJEnmAssignment.app */ = {isa = PBXFileReference; explicitFileType = wrapper.application; includeInIndex = 0; path = CJEnmAssignment.app; sourceTree = BUILT_PRODUCTS_DIR; };
		7F4488D12E07E0320057839A /* CJEnmAssignmentTests.xctest */ = {isa = PBXFileReference; explicitFileType = wrapper.cfbundle; includeInIndex = 0; path = CJEnmAssignmentTests.xctest; sourceTree = BUILT_PRODUCTS_DIR; };
		7F4488DB2E07E0320057839A /* CJEnmAssignmentUITests.xctest */ = {isa = PBXFileReference; explicitFileType = wrapper.cfbundle; includeInIndex = 0; path = CJEnmAssignmentUITests.xctest; sourceTree = BUILT_PRODUCTS_DIR; };
/* End PBXFileReference section */

/* Begin PBXFileSystemSynchronizedBuildFileExceptionSet section */
		7F4489252E07ED700057839A /* Exceptions for "CJEnmAssignment" folder in "CJEnmAssignment" target */ = {
			isa = PBXFileSystemSynchronizedBuildFileExceptionSet;
			membershipExceptions = (
				Resources/Info.plist,
			);
			target = 7F4488C32E07E0300057839A /* CJEnmAssignment */;
		};
/* End PBXFileSystemSynchronizedBuildFileExceptionSet section */

/* Begin PBXFileSystemSynchronizedRootGroup section */
		7F4488C62E07E0300057839A /* CJEnmAssignment */ = {
			isa = PBXFileSystemSynchronizedRootGroup;
			exceptions = (
				7F4489252E07ED700057839A /* Exceptions for "CJEnmAssignment" folder in "CJEnmAssignment" target */,
			);
			path = CJEnmAssignment;
			sourceTree = "<group>";
		};
		7F4488D42E07E0320057839A /* CJEnmAssignmentTests */ = {
			isa = PBXFileSystemSynchronizedRootGroup;
			path = CJEnmAssignmentTests;
			sourceTree = "<group>";
		};
		7F4488DE2E07E0320057839A /* CJEnmAssignmentUITests */ = {
			isa = PBXFileSystemSynchronizedRootGroup;
			path = CJEnmAssignmentUITests;
			sourceTree = "<group>";
		};
/* End PBXFileSystemSynchronizedRootGroup section */

/* Begin PBXFrameworksBuildPhase section */
		7F4488C12E07E0300057839A /* Frameworks */ = {
			isa = PBXFrameworksBuildPhase;
			buildActionMask = 2147483647;
			files = (
				7F44891D2E07EA5A0057839A /* DiContainer in Frameworks */,
			);
			runOnlyForDeploymentPostprocessing = 0;
		};
		7F4488CE2E07E0320057839A /* Frameworks */ = {
			isa = PBXFrameworksBuildPhase;
			buildActionMask = 2147483647;
			files = (
			);
			runOnlyForDeploymentPostprocessing = 0;
		};
		7F4488D82E07E0320057839A /* Frameworks */ = {
			isa = PBXFrameworksBuildPhase;
			buildActionMask = 2147483647;
			files = (
			);
			runOnlyForDeploymentPostprocessing = 0;
		};
/* End PBXFrameworksBuildPhase section */

/* Begin PBXGroup section */
		7F4488BB2E07E0300057839A = {
			isa = PBXGroup;
			children = (
				7F4488C62E07E0300057839A /* CJEnmAssignment */,
				7F4488D42E07E0320057839A /* CJEnmAssignmentTests */,
				7F4488DE2E07E0320057839A /* CJEnmAssignmentUITests */,
				7F4488C52E07E0300057839A /* Products */,
			);
			sourceTree = "<group>";
		};
		7F4488C52E07E0300057839A /* Products */ = {
			isa = PBXGroup;
			children = (
				7F4488C42E07E0300057839A /* CJEnmAssignment.app */,
				7F4488D12E07E0320057839A /* CJEnmAssignmentTests.xctest */,
				7F4488DB2E07E0320057839A /* CJEnmAssignmentUITests.xctest */,
			);
			name = Products;
			sourceTree = "<group>";
		};
/* End PBXGroup section */

/* Begin PBXNativeTarget section */
		7F4488C32E07E0300057839A /* CJEnmAssignment */ = {
			isa = PBXNativeTarget;
			buildConfigurationList = 7F4488E52E07E0320057839A /* Build configuration list for PBXNativeTarget "CJEnmAssignment" */;
			buildPhases = (
				7F4488C02E07E0300057839A /* Sources */,
				7F4488C12E07E0300057839A /* Frameworks */,
				7F4488C22E07E0300057839A /* Resources */,
			);
			buildRules = (
			);
			dependencies = (
			);
			fileSystemSynchronizedGroups = (
				7F4488C62E07E0300057839A /* CJEnmAssignment */,
			);
			name = CJEnmAssignment;
			packageProductDependencies = (
				7F44891C2E07EA5A0057839A /* DiContainer */,
			);
			productName = CJEnmAssignment;
			productReference = 7F4488C42E07E0300057839A /* CJEnmAssignment.app */;
			productType = "com.apple.product-type.application";
		};
		7F4488D02E07E0320057839A /* CJEnmAssignmentTests */ = {
			isa = PBXNativeTarget;
			buildConfigurationList = 7F4488E82E07E0320057839A /* Build configuration list for PBXNativeTarget "CJEnmAssignmentTests" */;
			buildPhases = (
				7F4488CD2E07E0320057839A /* Sources */,
				7F4488CE2E07E0320057839A /* Frameworks */,
				7F4488CF2E07E0320057839A /* Resources */,
			);
			buildRules = (
			);
			dependencies = (
				7F4488D32E07E0320057839A /* PBXTargetDependency */,
			);
			fileSystemSynchronizedGroups = (
				7F4488D42E07E0320057839A /* CJEnmAssignmentTests */,
			);
			name = CJEnmAssignmentTests;
			packageProductDependencies = (
			);
			productName = CJEnmAssignmentTests;
			productReference = 7F4488D12E07E0320057839A /* CJEnmAssignmentTests.xctest */;
			productType = "com.apple.product-type.bundle.unit-test";
		};
		7F4488DA2E07E0320057839A /* CJEnmAssignmentUITests */ = {
			isa = PBXNativeTarget;
			buildConfigurationList = 7F4488EB2E07E0320057839A /* Build configuration list for PBXNativeTarget "CJEnmAssignmentUITests" */;
			buildPhases = (
				7F4488D72E07E0320057839A /* Sources */,
				7F4488D82E07E0320057839A /* Frameworks */,
				7F4488D92E07E0320057839A /* Resources */,
			);
			buildRules = (
			);
			dependencies = (
				7F4488DD2E07E0320057839A /* PBXTargetDependency */,
			);
			fileSystemSynchronizedGroups = (
				7F4488DE2E07E0320057839A /* CJEnmAssignmentUITests */,
			);
			name = CJEnmAssignmentUITests;
			packageProductDependencies = (
			);
			productName = CJEnmAssignmentUITests;
			productReference = 7F4488DB2E07E0320057839A /* CJEnmAssignmentUITests.xctest */;
			productType = "com.apple.product-type.bundle.ui-testing";
		};
/* End PBXNativeTarget section */

/* Begin PBXProject section */
		7F4488BC2E07E0300057839A /* Project object */ = {
			isa = PBXProject;
			attributes = {
				BuildIndependentTargetsInParallel = 1;
				LastSwiftUpdateCheck = 1640;
				LastUpgradeCheck = 1640;
				TargetAttributes = {
					7F4488C32E07E0300057839A = {
						CreatedOnToolsVersion = 16.4;
					};
					7F4488D02E07E0320057839A = {
						CreatedOnToolsVersion = 16.4;
						TestTargetID = 7F4488C32E07E0300057839A;
					};
					7F4488DA2E07E0320057839A = {
						CreatedOnToolsVersion = 16.4;
						TestTargetID = 7F4488C32E07E0300057839A;
					};
				};
			};
			buildConfigurationList = 7F4488BF2E07E0300057839A /* Build configuration list for PBXProject "CJEnmAssignment" */;
			developmentRegion = en;
			hasScannedForEncodings = 0;
			knownRegions = (
				en,
				Base,
			);
			mainGroup = 7F4488BB2E07E0300057839A;
			minimizedProjectReferenceProxies = 1;
			packageReferences = (
				7F44891B2E07EA590057839A /* XCRemoteSwiftPackageReference "DiContainer" */,
			);
			preferredProjectObjectVersion = 77;
			productRefGroup = 7F4488C52E07E0300057839A /* Products */;
			projectDirPath = "";
			projectRoot = "";
			targets = (
				7F4488C32E07E0300057839A /* CJEnmAssignment */,
				7F4488D02E07E0320057839A /* CJEnmAssignmentTests */,
				7F4488DA2E07E0320057839A /* CJEnmAssignmentUITests */,
			);
		};
/* End PBXProject section */

/* Begin PBXResourcesBuildPhase section */
		7F4488C22E07E0300057839A /* Resources */ = {
			isa = PBXResourcesBuildPhase;
			buildActionMask = 2147483647;
			files = (
			);
			runOnlyForDeploymentPostprocessing = 0;
		};
		7F4488CF2E07E0320057839A /* Resources */ = {
			isa = PBXResourcesBuildPhase;
			buildActionMask = 2147483647;
			files = (
			);
			runOnlyForDeploymentPostprocessing = 0;
		};
		7F4488D92E07E0320057839A /* Resources */ = {
			isa = PBXResourcesBuildPhase;
			buildActionMask = 2147483647;
			files = (
			);
			runOnlyForDeploymentPostprocessing = 0;
		};
/* End PBXResourcesBuildPhase section */

/* Begin PBXSourcesBuildPhase section */
		7F4488C02E07E0300057839A /* Sources */ = {
			isa = PBXSourcesBuildPhase;
			buildActionMask = 2147483647;
			files = (
			);
			runOnlyForDeploymentPostprocessing = 0;
		};
		7F4488CD2E07E0320057839A /* Sources */ = {
			isa = PBXSourcesBuildPhase;
			buildActionMask = 2147483647;
			files = (
			);
			runOnlyForDeploymentPostprocessing = 0;
		};
		7F4488D72E07E0320057839A /* Sources */ = {
			isa = PBXSourcesBuildPhase;
			buildActionMask = 2147483647;
			files = (
			);
			runOnlyForDeploymentPostprocessing = 0;
		};
/* End PBXSourcesBuildPhase section */

/* Begin PBXTargetDependency section */
		7F4488D32E07E0320057839A /* PBXTargetDependency */ = {
			isa = PBXTargetDependency;
			target = 7F4488C32E07E0300057839A /* CJEnmAssignment */;
			targetProxy = 7F4488D22E07E0320057839A /* PBXContainerItemProxy */;
		};
		7F4488DD2E07E0320057839A /* PBXTargetDependency */ = {
			isa = PBXTargetDependency;
			target = 7F4488C32E07E0300057839A /* CJEnmAssignment */;
			targetProxy = 7F4488DC2E07E0320057839A /* PBXContainerItemProxy */;
		};
/* End PBXTargetDependency section */

/* Begin XCBuildConfiguration section */
		7F4488E32E07E0320057839A /* Debug */ = {
			isa = XCBuildConfiguration;
			buildSettings = {
				ALWAYS_SEARCH_USER_PATHS = NO;
				ASSETCATALOG_COMPILER_GENERATE_SWIFT_ASSET_SYMBOL_EXTENSIONS = YES;
				CLANG_ANALYZER_NONNULL = YES;
				CLANG_ANALYZER_NUMBER_OBJECT_CONVERSION = YES_AGGRESSIVE;
				CLANG_CXX_LANGUAGE_STANDARD = "gnu++20";
				CLANG_ENABLE_MODULES = YES;
				CLANG_ENABLE_OBJC_ARC = YES;
				CLANG_ENABLE_OBJC_WEAK = YES;
				CLANG_WARN_BLOCK_CAPTURE_AUTORELEASING = YES;
				CLANG_WARN_BOOL_CONVERSION = YES;
				CLANG_WARN_COMMA = YES;
				CLANG_WARN_CONSTANT_CONVERSION = YES;
				CLANG_WARN_DEPRECATED_OBJC_IMPLEMENTATIONS = YES;
				CLANG_WARN_DIRECT_OBJC_ISA_USAGE = YES_ERROR;
				CLANG_WARN_DOCUMENTATION_COMMENTS = YES;
				CLANG_WARN_EMPTY_BODY = YES;
				CLANG_WARN_ENUM_CONVERSION = YES;
				CLANG_WARN_INFINITE_RECURSION = YES;
				CLANG_WARN_INT_CONVERSION = YES;
				CLANG_WARN_NON_LITERAL_NULL_CONVERSION = YES;
				CLANG_WARN_OBJC_IMPLICIT_RETAIN_SELF = YES;
				CLANG_WARN_OBJC_LITERAL_CONVERSION = YES;
				CLANG_WARN_OBJC_ROOT_CLASS = YES_ERROR;
				CLANG_WARN_QUOTED_INCLUDE_IN_FRAMEWORK_HEADER = YES;
				CLANG_WARN_RANGE_LOOP_ANALYSIS = YES;
				CLANG_WARN_STRICT_PROTOTYPES = YES;
				CLANG_WARN_SUSPICIOUS_MOVE = YES;
				CLANG_WARN_UNGUARDED_AVAILABILITY = YES_AGGRESSIVE;
				CLANG_WARN_UNREACHABLE_CODE = YES;
				CLANG_WARN__DUPLICATE_METHOD_MATCH = YES;
				COPY_PHASE_STRIP = NO;
				DEBUG_INFORMATION_FORMAT = dwarf;
				DEVELOPMENT_TEAM = N94CS4N6VR;
				ENABLE_STRICT_OBJC_MSGSEND = YES;
				ENABLE_TESTABILITY = YES;
				ENABLE_USER_SCRIPT_SANDBOXING = YES;
				GCC_C_LANGUAGE_STANDARD = gnu17;
				GCC_DYNAMIC_NO_PIC = NO;
				GCC_NO_COMMON_BLOCKS = YES;
				GCC_OPTIMIZATION_LEVEL = 0;
				GCC_PREPROCESSOR_DEFINITIONS = (
					"DEBUG=1",
					"$(inherited)",
				);
				GCC_WARN_64_TO_32_BIT_CONVERSION = YES;
				GCC_WARN_ABOUT_RETURN_TYPE = YES_ERROR;
				GCC_WARN_UNDECLARED_SELECTOR = YES;
				GCC_WARN_UNINITIALIZED_AUTOS = YES_AGGRESSIVE;
				GCC_WARN_UNUSED_FUNCTION = YES;
				GCC_WARN_UNUSED_VARIABLE = YES;
				IPHONEOS_DEPLOYMENT_TARGET = 18.5;
				LOCALIZATION_PREFERS_STRING_CATALOGS = YES;
				MTL_ENABLE_DEBUG_INFO = INCLUDE_SOURCE;
				MTL_FAST_MATH = YES;
				ONLY_ACTIVE_ARCH = YES;
				SDKROOT = iphoneos;
				SWIFT_ACTIVE_COMPILATION_CONDITIONS = "DEBUG $(inherited)";
				SWIFT_OPTIMIZATION_LEVEL = "-Onone";
			};
			name = Debug;
		};
		7F4488E42E07E0320057839A /* Release */ = {
			isa = XCBuildConfiguration;
			buildSettings = {
				ALWAYS_SEARCH_USER_PATHS = NO;
				ASSETCATALOG_COMPILER_GENERATE_SWIFT_ASSET_SYMBOL_EXTENSIONS = YES;
				CLANG_ANALYZER_NONNULL = YES;
				CLANG_ANALYZER_NUMBER_OBJECT_CONVERSION = YES_AGGRESSIVE;
				CLANG_CXX_LANGUAGE_STANDARD = "gnu++20";
				CLANG_ENABLE_MODULES = YES;
				CLANG_ENABLE_OBJC_ARC = YES;
				CLANG_ENABLE_OBJC_WEAK = YES;
				CLANG_WARN_BLOCK_CAPTURE_AUTORELEASING = YES;
				CLANG_WARN_BOOL_CONVERSION = YES;
				CLANG_WARN_COMMA = YES;
				CLANG_WARN_CONSTANT_CONVERSION = YES;
				CLANG_WARN_DEPRECATED_OBJC_IMPLEMENTATIONS = YES;
				CLANG_WARN_DIRECT_OBJC_ISA_USAGE = YES_ERROR;
				CLANG_WARN_DOCUMENTATION_COMMENTS = YES;
				CLANG_WARN_EMPTY_BODY = YES;
				CLANG_WARN_ENUM_CONVERSION = YES;
				CLANG_WARN_INFINITE_RECURSION = YES;
				CLANG_WARN_INT_CONVERSION = YES;
				CLANG_WARN_NON_LITERAL_NULL_CONVERSION = YES;
				CLANG_WARN_OBJC_IMPLICIT_RETAIN_SELF = YES;
				CLANG_WARN_OBJC_LITERAL_CONVERSION = YES;
				CLANG_WARN_OBJC_ROOT_CLASS = YES_ERROR;
				CLANG_WARN_QUOTED_INCLUDE_IN_FRAMEWORK_HEADER = YES;
				CLANG_WARN_RANGE_LOOP_ANALYSIS = YES;
				CLANG_WARN_STRICT_PROTOTYPES = YES;
				CLANG_WARN_SUSPICIOUS_MOVE = YES;
				CLANG_WARN_UNGUARDED_AVAILABILITY = YES_AGGRESSIVE;
				CLANG_WARN_UNREACHABLE_CODE = YES;
				CLANG_WARN__DUPLICATE_METHOD_MATCH = YES;
				COPY_PHASE_STRIP = NO;
				DEBUG_INFORMATION_FORMAT = "dwarf-with-dsym";
				DEVELOPMENT_TEAM = N94CS4N6VR;
				ENABLE_NS_ASSERTIONS = NO;
				ENABLE_STRICT_OBJC_MSGSEND = YES;
				ENABLE_USER_SCRIPT_SANDBOXING = YES;
				GCC_C_LANGUAGE_STANDARD = gnu17;
				GCC_NO_COMMON_BLOCKS = YES;
				GCC_WARN_64_TO_32_BIT_CONVERSION = YES;
				GCC_WARN_ABOUT_RETURN_TYPE = YES_ERROR;
				GCC_WARN_UNDECLARED_SELECTOR = YES;
				GCC_WARN_UNINITIALIZED_AUTOS = YES_AGGRESSIVE;
				GCC_WARN_UNUSED_FUNCTION = YES;
				GCC_WARN_UNUSED_VARIABLE = YES;
				IPHONEOS_DEPLOYMENT_TARGET = 18.5;
				LOCALIZATION_PREFERS_STRING_CATALOGS = YES;
				MTL_ENABLE_DEBUG_INFO = NO;
				MTL_FAST_MATH = YES;
				SDKROOT = iphoneos;
				SWIFT_COMPILATION_MODE = wholemodule;
				VALIDATE_PRODUCT = YES;
			};
			name = Release;
		};
		7F4488E62E07E0320057839A /* Debug */ = {
			isa = XCBuildConfiguration;
			buildSettings = {
				ASSETCATALOG_COMPILER_APPICON_NAME = AppIcon;
				ASSETCATALOG_COMPILER_GLOBAL_ACCENT_COLOR_NAME = AccentColor;
				CODE_SIGN_STYLE = Automatic;
				CURRENT_PROJECT_VERSION = 1;
				DEVELOPMENT_TEAM = N94CS4N6VR;
				ENABLE_PREVIEWS = YES;
				GENERATE_INFOPLIST_FILE = YES;
				INFOPLIST_FILE = CJEnmAssignment/Resources/Info.plist;
				INFOPLIST_KEY_UIApplicationSceneManifest_Generation = YES;
				INFOPLIST_KEY_UIApplicationSupportsIndirectInputEvents = YES;
				INFOPLIST_KEY_UILaunchScreen_Generation = YES;
				INFOPLIST_KEY_UISupportedInterfaceOrientations_iPad = "UIInterfaceOrientationPortrait UIInterfaceOrientationPortraitUpsideDown UIInterfaceOrientationLandscapeLeft UIInterfaceOrientationLandscapeRight";
				INFOPLIST_KEY_UISupportedInterfaceOrientations_iPhone = "UIInterfaceOrientationPortrait UIInterfaceOrientationLandscapeLeft UIInterfaceOrientationLandscapeRight";
				LD_RUNPATH_SEARCH_PATHS = (
					"$(inherited)",
					"@executable_path/Frameworks",
				);
				MARKETING_VERSION = 1.0;
				PRODUCT_BUNDLE_IDENTIFIER = iO.Roy.CJEnmAssignment;
				PRODUCT_NAME = "$(TARGET_NAME)";
				SWIFT_EMIT_LOC_STRINGS = YES;
				SWIFT_VERSION = 5.0;
				TARGETED_DEVICE_FAMILY = "1,2";
			};
			name = Debug;
		};
		7F4488E72E07E0320057839A /* Release */ = {
			isa = XCBuildConfiguration;
			buildSettings = {
				ASSETCATALOG_COMPILER_APPICON_NAME = AppIcon;
				ASSETCATALOG_COMPILER_GLOBAL_ACCENT_COLOR_NAME = AccentColor;
				CODE_SIGN_STYLE = Automatic;
				CURRENT_PROJECT_VERSION = 1;
				DEVELOPMENT_TEAM = N94CS4N6VR;
				ENABLE_PREVIEWS = YES;
				GENERATE_INFOPLIST_FILE = YES;
				INFOPLIST_FILE = CJEnmAssignment/Resources/Info.plist;
				INFOPLIST_KEY_UIApplicationSceneManifest_Generation = YES;
				INFOPLIST_KEY_UIApplicationSupportsIndirectInputEvents = YES;
				INFOPLIST_KEY_UILaunchScreen_Generation = YES;
				INFOPLIST_KEY_UISupportedInterfaceOrientations_iPad = "UIInterfaceOrientationPortrait UIInterfaceOrientationPortraitUpsideDown UIInterfaceOrientationLandscapeLeft UIInterfaceOrientationLandscapeRight";
				INFOPLIST_KEY_UISupportedInterfaceOrientations_iPhone = "UIInterfaceOrientationPortrait UIInterfaceOrientationLandscapeLeft UIInterfaceOrientationLandscapeRight";
				LD_RUNPATH_SEARCH_PATHS = (
					"$(inherited)",
					"@executable_path/Frameworks",
				);
				MARKETING_VERSION = 1.0;
				PRODUCT_BUNDLE_IDENTIFIER = iO.Roy.CJEnmAssignment;
				PRODUCT_NAME = "$(TARGET_NAME)";
				SWIFT_EMIT_LOC_STRINGS = YES;
				SWIFT_VERSION = 5.0;
				TARGETED_DEVICE_FAMILY = "1,2";
			};
			name = Release;
		};
		7F4488E92E07E0320057839A /* Debug */ = {
			isa = XCBuildConfiguration;
			buildSettings = {
				BUNDLE_LOADER = "$(TEST_HOST)";
				CODE_SIGN_STYLE = Automatic;
				CURRENT_PROJECT_VERSION = 1;
				DEVELOPMENT_TEAM = N94CS4N6VR;
				GENERATE_INFOPLIST_FILE = YES;
				IPHONEOS_DEPLOYMENT_TARGET = 18.5;
				MARKETING_VERSION = 1.0;
				PRODUCT_BUNDLE_IDENTIFIER = iO.Roy.CJEnmAssignmentTests;
				PRODUCT_NAME = "$(TARGET_NAME)";
				SWIFT_EMIT_LOC_STRINGS = NO;
				SWIFT_VERSION = 5.0;
				TARGETED_DEVICE_FAMILY = "1,2";
				TEST_HOST = "$(BUILT_PRODUCTS_DIR)/CJEnmAssignment.app/$(BUNDLE_EXECUTABLE_FOLDER_PATH)/CJEnmAssignment";
			};
			name = Debug;
		};
		7F4488EA2E07E0320057839A /* Release */ = {
			isa = XCBuildConfiguration;
			buildSettings = {
				BUNDLE_LOADER = "$(TEST_HOST)";
				CODE_SIGN_STYLE = Automatic;
				CURRENT_PROJECT_VERSION = 1;
				DEVELOPMENT_TEAM = N94CS4N6VR;
				GENERATE_INFOPLIST_FILE = YES;
				IPHONEOS_DEPLOYMENT_TARGET = 18.5;
				MARKETING_VERSION = 1.0;
				PRODUCT_BUNDLE_IDENTIFIER = iO.Roy.CJEnmAssignmentTests;
				PRODUCT_NAME = "$(TARGET_NAME)";
				SWIFT_EMIT_LOC_STRINGS = NO;
				SWIFT_VERSION = 5.0;
				TARGETED_DEVICE_FAMILY = "1,2";
				TEST_HOST = "$(BUILT_PRODUCTS_DIR)/CJEnmAssignment.app/$(BUNDLE_EXECUTABLE_FOLDER_PATH)/CJEnmAssignment";
			};
			name = Release;
		};
		7F4488EC2E07E0320057839A /* Debug */ = {
			isa = XCBuildConfiguration;
			buildSettings = {
				CODE_SIGN_STYLE = Automatic;
				CURRENT_PROJECT_VERSION = 1;
				DEVELOPMENT_TEAM = N94CS4N6VR;
				GENERATE_INFOPLIST_FILE = YES;
				MARKETING_VERSION = 1.0;
				PRODUCT_BUNDLE_IDENTIFIER = iO.Roy.CJEnmAssignmentUITests;
				PRODUCT_NAME = "$(TARGET_NAME)";
				SWIFT_EMIT_LOC_STRINGS = NO;
				SWIFT_VERSION = 5.0;
				TARGETED_DEVICE_FAMILY = "1,2";
				TEST_TARGET_NAME = CJEnmAssignment;
			};
			name = Debug;
		};
		7F4488ED2E07E0320057839A /* Release */ = {
			isa = XCBuildConfiguration;
			buildSettings = {
				CODE_SIGN_STYLE = Automatic;
				CURRENT_PROJECT_VERSION = 1;
				DEVELOPMENT_TEAM = N94CS4N6VR;
				GENERATE_INFOPLIST_FILE = YES;
				MARKETING_VERSION = 1.0;
				PRODUCT_BUNDLE_IDENTIFIER = iO.Roy.CJEnmAssignmentUITests;
				PRODUCT_NAME = "$(TARGET_NAME)";
				SWIFT_EMIT_LOC_STRINGS = NO;
				SWIFT_VERSION = 5.0;
				TARGETED_DEVICE_FAMILY = "1,2";
				TEST_TARGET_NAME = CJEnmAssignment;
			};
			name = Release;
		};
/* End XCBuildConfiguration section */

/* Begin XCConfigurationList section */
		7F4488BF2E07E0300057839A /* Build configuration list for PBXProject "CJEnmAssignment" */ = {
			isa = XCConfigurationList;
			buildConfigurations = (
				7F4488E32E07E0320057839A /* Debug */,
				7F4488E42E07E0320057839A /* Release */,
			);
			defaultConfigurationIsVisible = 0;
			defaultConfigurationName = Release;
		};
		7F4488E52E07E0320057839A /* Build configuration list for PBXNativeTarget "CJEnmAssignment" */ = {
			isa = XCConfigurationList;
			buildConfigurations = (
				7F4488E62E07E0320057839A /* Debug */,
				7F4488E72E07E0320057839A /* Release */,
			);
			defaultConfigurationIsVisible = 0;
			defaultConfigurationName = Release;
		};
		7F4488E82E07E0320057839A /* Build configuration list for PBXNativeTarget "CJEnmAssignmentTests" */ = {
			isa = XCConfigurationList;
			buildConfigurations = (
				7F4488E92E07E0320057839A /* Debug */,
				7F4488EA2E07E0320057839A /* Release */,
			);
			defaultConfigurationIsVisible = 0;
			defaultConfigurationName = Release;
		};
		7F4488EB2E07E0320057839A /* Build configuration list for PBXNativeTarget "CJEnmAssignmentUITests" */ = {
			isa = XCConfigurationList;
			buildConfigurations = (
				7F4488EC2E07E0320057839A /* Debug */,
				7F4488ED2E07E0320057839A /* Release */,
			);
			defaultConfigurationIsVisible = 0;
			defaultConfigurationName = Release;
		};
/* End XCConfigurationList section */

/* Begin XCRemoteSwiftPackageReference section */
		7F44891B2E07EA590057839A /* XCRemoteSwiftPackageReference "DiContainer" */ = {
			isa = XCRemoteSwiftPackageReference;
			repositoryURL = "https://github.com/Roy-wonji/DiContainer";
			requirement = {
				kind = upToNextMajorVersion;
				minimumVersion = 1.0.9;
			};
		};
/* End XCRemoteSwiftPackageReference section */

/* Begin XCSwiftPackageProductDependency section */
		7F44891C2E07EA5A0057839A /* DiContainer */ = {
			isa = XCSwiftPackageProductDependency;
			package = 7F44891B2E07EA590057839A /* XCRemoteSwiftPackageReference "DiContainer" */;
			productName = DiContainer;
		};
/* End XCSwiftPackageProductDependency section */
	};
	rootObject = 7F4488BC2E07E0300057839A /* Project object */;
}
